
Microsoft Visual Studio Solution File, Format Version 12.00
# Visual Studio Version 17
VisualStudioVersion = 17.14.36511.14
MinimumVisualStudioVersion = 10.0.40219.1
Project("{FAE04EC0-301F-11D3-BF4B-00C04F79EFBC}") = "SourceDev.API", "SourceDev.API.csproj", "{33F0D650-FA42-472B-B13C-C58B0A301641}"
EndProject
Project("{FAE04EC0-301F-11D3-BF4B-00C04F79EFBC}") = "SourceDev.API.Tests", "SourceDev.API.Tests\SourceDev.API.Tests.csproj", "{FAAFE7C1-6735-4B5F-B8F7-5A73C1FB60C3}"
EndProject
Global
	GlobalSection(SolutionConfigurationPlatforms) = preSolution
		Debug|Any CPU = Debug|Any CPU
		Debug|x64 = Debug|x64
		Debug|x86 = Debug|x86
		Release|Any CPU = Release|Any CPU
		Release|x64 = Release|x64
		Release|x86 = Release|x86
	EndGlobalSection
	GlobalSection(ProjectConfigurationPlatforms) = postSolution
		{33F0D650-FA42-472B-B13C-C58B0A301641}.Debug|Any CPU.ActiveCfg = Debug|Any CPU
		{33F0D650-FA42-472B-B13C-C58B0A301641}.Debug|Any CPU.Build.0 = Debug|Any CPU
		{33F0D650-FA42-472B-B13C-C58B0A301641}.Debug|x64.ActiveCfg = Debug|Any CPU
		{33F0D650-FA42-472B-B13C-C58B0A301641}.Debug|x64.Build.0 = Debug|Any CPU
		{33F0D650-FA42-472B-B13C-C58B0A301641}.Debug|x86.ActiveCfg = Debug|Any CPU
		{33F0D650-FA42-472B-B13C-C58B0A301641}.Debug|x86.Build.0 = Debug|Any CPU
		{33F0D650-FA42-472B-B13C-C58B0A301641}.Release|Any CPU.ActiveCfg = Release|Any CPU
		{33F0D650-FA42-472B-B13C-C58B0A301641}.Release|Any CPU.Build.0 = Release|Any CPU
		{33F0D650-FA42-472B-B13C-C58B0A301641}.Release|x64.ActiveCfg = Release|Any CPU
		{33F0D650-FA42-472B-B13C-C58B0A301641}.Release|x64.Build.0 = Release|Any CPU
		{33F0D650-FA42-472B-B13C-C58B0A301641}.Release|x86.ActiveCfg = Release|Any CPU
		{33F0D650-FA42-472B-B13C-C58B0A301641}.Release|x86.Build.0 = Release|Any CPU
		{FAAFE7C1-6735-4B5F-B8F7-5A73C1FB60C3}.Debug|Any CPU.ActiveCfg = Debug|Any CPU
		{FAAFE7C1-6735-4B5F-B8F7-5A73C1FB60C3}.Debug|Any CPU.Build.0 = Debug|Any CPU
		{FAAFE7C1-6735-4B5F-B8F7-5A73C1FB60C3}.Debug|x64.ActiveCfg = Debug|Any CPU
		{FAAFE7C1-6735-4B5F-B8F7-5A73C1FB60C3}.Debug|x64.Build.0 = Debug|Any CPU
		{FAAFE7C1-6735-4B5F-B8F7-5A73C1FB60C3}.Debug|x86.ActiveCfg = Debug|Any CPU
		{FAAFE7C1-6735-4B5F-B8F7-5A73C1FB60C3}.Debug|x86.Build.0 = Debug|Any CPU
		{FAAFE7C1-6735-4B5F-B8F7-5A73C1FB60C3}.Release|Any CPU.ActiveCfg = Release|Any CPU
		{FAAFE7C1-6735-4B5F-B8F7-5A73C1FB60C3}.Release|Any CPU.Build.0 = Release|Any CPU
		{FAAFE7C1-6735-4B5F-B8F7-5A73C1FB60C3}.Release|x64.ActiveCfg = Release|Any CPU
		{FAAFE7C1-6735-4B5F-B8F7-5A73C1FB60C3}.Release|x64.Build.0 = Release|Any CPU
		{FAAFE7C1-6735-4B5F-B8F7-5A73C1FB60C3}.Release|x86.ActiveCfg = Release|Any CPU
		{FAAFE7C1-6735-4B5F-B8F7-5A73C1FB60C3}.Release|x86.Build.0 = Release|Any CPU
	EndGlobalSection
	GlobalSection(SolutionProperties) = preSolution
		HideSolutionNode = FALSE
	EndGlobalSection
	GlobalSection(ExtensibilityGlobals) = postSolution
		SolutionGuid = {D41F7F45-CD33-406E-832F-EFD36E53D235}
	EndGlobalSection
EndGlobal
